// !$*UTF8*$!
{
	archiveVersion = 1;
	classes = {
	};
	objectVersion = 56;
	objects = {

/* Begin PBXBuildFile section */
		386656272C69ADC500A0EF15 /* EasyCurrencyViewModel.swift in Sources */ = {isa = PBXBuildFile; fileRef = 386656262C69ADC500A0EF15 /* EasyCurrencyViewModel.swift */; };
		38B18A8D2C6BFE400071D8F0 /* Currency.swift in Sources */ = {isa = PBXBuildFile; fileRef = 38B18A8C2C6BFE400071D8F0 /* Currency.swift */; };
		38BB21BE2C698252004C45AD /* easyCurrencyApp.swift in Sources */ = {isa = PBXBuildFile; fileRef = 38BB21BD2C698252004C45AD /* easyCurrencyApp.swift */; };
		38BB21C22C698253004C45AD /* Assets.xcassets in Resources */ = {isa = PBXBuildFile; fileRef = 38BB21C12C698253004C45AD /* Assets.xcassets */; };
		38BB21C52C698253004C45AD /* Preview Assets.xcassets in Resources */ = {isa = PBXBuildFile; fileRef = 38BB21C42C698253004C45AD /* Preview Assets.xcassets */; };
		38BB21CF2C6983DF004C45AD /* EasyCurrencyView.swift in Sources */ = {isa = PBXBuildFile; fileRef = 38BB21CE2C6983DF004C45AD /* EasyCurrencyView.swift */; };
		38BB21D12C698EA3004C45AD /* Service.swift in Sources */ = {isa = PBXBuildFile; fileRef = 38BB21D02C698EA3004C45AD /* Service.swift */; };
		38BB21D32C698F05004C45AD /* Model.swift in Sources */ = {isa = PBXBuildFile; fileRef = 38BB21D22C698F05004C45AD /* Model.swift */; };
/* End PBXBuildFile section */

/* Begin PBXFileReference section */
		386656262C69ADC500A0EF15 /* EasyCurrencyViewModel.swift */ = {isa = PBXFileReference; lastKnownFileType = sourcecode.swift; path = EasyCurrencyViewModel.swift; sourceTree = "<group>"; };
		38B18A8C2C6BFE400071D8F0 /* Currency.swift */ = {isa = PBXFileReference; lastKnownFileType = sourcecode.swift; path = Currency.swift; sourceTree = "<group>"; };
		38BB21BA2C698252004C45AD /* easyCurrency.app */ = {isa = PBXFileReference; explicitFileType = wrapper.application; includeInIndex = 0; path = easyCurrency.app; sourceTree = BUILT_PRODUCTS_DIR; };
		38BB21BD2C698252004C45AD /* easyCurrencyApp.swift */ = {isa = PBXFileReference; lastKnownFileType = sourcecode.swift; path = easyCurrencyApp.swift; sourceTree = "<group>"; };
		38BB21C12C698253004C45AD /* Assets.xcassets */ = {isa = PBXFileReference; lastKnownFileType = folder.assetcatalog; path = Assets.xcassets; sourceTree = "<group>"; };
		38BB21C42C698253004C45AD /* Preview Assets.xcassets */ = {isa = PBXFileReference; lastKnownFileType = folder.assetcatalog; path = "Preview Assets.xcassets"; sourceTree = "<group>"; };
		38BB21C62C698253004C45AD /* easyCurrency.entitlements */ = {isa = PBXFileReference; lastKnownFileType = text.plist.entitlements; path = easyCurrency.entitlements; sourceTree = "<group>"; };
		38BB21CE2C6983DF004C45AD /* EasyCurrencyView.swift */ = {isa = PBXFileReference; lastKnownFileType = sourcecode.swift; path = EasyCurrencyView.swift; sourceTree = "<group>"; };
		38BB21D02C698EA3004C45AD /* Service.swift */ = {isa = PBXFileReference; lastKnownFileType = sourcecode.swift; path = Service.swift; sourceTree = "<group>"; };
		38BB21D22C698F05004C45AD /* Model.swift */ = {isa = PBXFileReference; lastKnownFileType = sourcecode.swift; path = Model.swift; sourceTree = "<group>"; };
/* End PBXFileReference section */

/* Begin PBXFrameworksBuildPhase section */
		38BB21B72C698252004C45AD /* Frameworks */ = {
			isa = PBXFrameworksBuildPhase;
			buildActionMask = 2147483647;
			files = (
			);
			runOnlyForDeploymentPostprocessing = 0;
		};
/* End PBXFrameworksBuildPhase section */

/* Begin PBXGroup section */
		38BB21B12C698252004C45AD = {
			isa = PBXGroup;
			children = (
				38BB21BC2C698252004C45AD /* easyCurrency */,
				38BB21BB2C698252004C45AD /* Products */,
			);
			sourceTree = "<group>";
		};
		38BB21BB2C698252004C45AD /* Products */ = {
			isa = PBXGroup;
			children = (
				38BB21BA2C698252004C45AD /* easyCurrency.app */,
			);
			name = Products;
			sourceTree = "<group>";
		};
		38BB21BC2C698252004C45AD /* easyCurrency */ = {
			isa = PBXGroup;
			children = (
				38BB21BD2C698252004C45AD /* easyCurrencyApp.swift */,
				38BB21C12C698253004C45AD /* Assets.xcassets */,
				38BB21C62C698253004C45AD /* easyCurrency.entitlements */,
				38BB21CC2C698355004C45AD /* Networking */,
				38BB21CD2C69835F004C45AD /* Views */,
				38BB21C32C698253004C45AD /* Preview Content */,
			);
			path = easyCurrency;
			sourceTree = "<group>";
		};
		38BB21C32C698253004C45AD /* Preview Content */ = {
			isa = PBXGroup;
			children = (
				38BB21C42C698253004C45AD /* Preview Assets.xcassets */,
			);
			path = "Preview Content";
			sourceTree = "<group>";
		};
		38BB21CC2C698355004C45AD /* Networking */ = {
			isa = PBXGroup;
			children = (
				38BB21D02C698EA3004C45AD /* Service.swift */,
				38BB21D22C698F05004C45AD /* Model.swift */,
				38B18A8C2C6BFE400071D8F0 /* Currency.swift */,
			);
			path = Networking;
			sourceTree = "<group>";
		};
		38BB21CD2C69835F004C45AD /* Views */ = {
			isa = PBXGroup;
			children = (
				38BB21CE2C6983DF004C45AD /* EasyCurrencyView.swift */,
				386656262C69ADC500A0EF15 /* EasyCurrencyViewModel.swift */,
			);
			path = Views;
			sourceTree = "<group>";
		};
/* End PBXGroup section */

/* Begin PBXNativeTarget section */
		38BB21B92C698252004C45AD /* easyCurrency */ = {
			isa = PBXNativeTarget;
			buildConfigurationList = 38BB21C92C698253004C45AD /* Build configuration list for PBXNativeTarget "easyCurrency" */;
			buildPhases = (
				38BB21B62C698252004C45AD /* Sources */,
				38BB21B72C698252004C45AD /* Frameworks */,
				38BB21B82C698252004C45AD /* Resources */,
			);
			buildRules = (
			);
			dependencies = (
			);
			name = easyCurrency;
			productName = easyCurrency;
			productReference = 38BB21BA2C698252004C45AD /* easyCurrency.app */;
			productType = "com.apple.product-type.application";
		};
/* End PBXNativeTarget section */

/* Begin PBXProject section */
		38BB21B22C698252004C45AD /* Project object */ = {
			isa = PBXProject;
			attributes = {
				BuildIndependentTargetsInParallel = 1;
				LastSwiftUpdateCheck = 1520;
				LastUpgradeCheck = 1520;
				TargetAttributes = {
					38BB21B92C698252004C45AD = {
						CreatedOnToolsVersion = 15.2;
					};
				};
			};
			buildConfigurationList = 38BB21B52C698252004C45AD /* Build configuration list for PBXProject "easyCurrency" */;
			compatibilityVersion = "Xcode 14.0";
			developmentRegion = en;
			hasScannedForEncodings = 0;
			knownRegions = (
				en,
				Base,
			);
			mainGroup = 38BB21B12C698252004C45AD;
			productRefGroup = 38BB21BB2C698252004C45AD /* Products */;
			projectDirPath = "";
			projectRoot = "";
			targets = (
				38BB21B92C698252004C45AD /* easyCurrency */,
			);
		};
/* End PBXProject section */

/* Begin PBXResourcesBuildPhase section */
		38BB21B82C698252004C45AD /* Resources */ = {
			isa = PBXResourcesBuildPhase;
			buildActionMask = 2147483647;
			files = (
				38BB21C52C698253004C45AD /* Preview Assets.xcassets in Resources */,
				38BB21C22C698253004C45AD /* Assets.xcassets in Resources */,
			);
			runOnlyForDeploymentPostprocessing = 0;
		};
/* End PBXResourcesBuildPhase section */

/* Begin PBXSourcesBuildPhase section */
		38BB21B62C698252004C45AD /* Sources */ = {
			isa = PBXSourcesBuildPhase;
			buildActionMask = 2147483647;
			files = (
				38B18A8D2C6BFE400071D8F0 /* Currency.swift in Sources */,
				38BB21BE2C698252004C45AD /* easyCurrencyApp.swift in Sources */,
				38BB21CF2C6983DF004C45AD /* EasyCurrencyView.swift in Sources */,
				386656272C69ADC500A0EF15 /* EasyCurrencyViewModel.swift in Sources */,
				38BB21D12C698EA3004C45AD /* Service.swift in Sources */,
				38BB21D32C698F05004C45AD /* Model.swift in Sources */,
			);
			runOnlyForDeploymentPostprocessing = 0;
		};
/* End PBXSourcesBuildPhase section */

/* Begin XCBuildConfiguration section */
		38BB21C72C698253004C45AD /* Debug */ = {
			isa = XCBuildConfiguration;
			buildSettings = {
				ALWAYS_SEARCH_USER_PATHS = NO;
				ASSETCATALOG_COMPILER_GENERATE_SWIFT_ASSET_SYMBOL_EXTENSIONS = YES;
				CLANG_ANALYZER_NONNULL = YES;
				CLANG_ANALYZER_NUMBER_OBJECT_CONVERSION = YES_AGGRESSIVE;
				CLANG_CXX_LANGUAGE_STANDARD = "gnu++20";
				CLANG_ENABLE_MODULES = YES;
				CLANG_ENABLE_OBJC_ARC = YES;
				CLANG_ENABLE_OBJC_WEAK = YES;
				CLANG_WARN_BLOCK_CAPTURE_AUTORELEASING = YES;
				CLANG_WARN_BOOL_CONVERSION = YES;
				CLANG_WARN_COMMA = YES;
				CLANG_WARN_CONSTANT_CONVERSION = YES;
				CLANG_WARN_DEPRECATED_OBJC_IMPLEMENTATIONS = YES;
				CLANG_WARN_DIRECT_OBJC_ISA_USAGE = YES_ERROR;
				CLANG_WARN_DOCUMENTATION_COMMENTS = YES;
				CLANG_WARN_EMPTY_BODY = YES;
				CLANG_WARN_ENUM_CONVERSION = YES;
				CLANG_WARN_INFINITE_RECURSION = YES;
				CLANG_WARN_INT_CONVERSION = YES;
				CLANG_WARN_NON_LITERAL_NULL_CONVERSION = YES;
				CLANG_WARN_OBJC_IMPLICIT_RETAIN_SELF = YES;
				CLANG_WARN_OBJC_LITERAL_CONVERSION = YES;
				CLANG_WARN_OBJC_ROOT_CLASS = YES_ERROR;
				CLANG_WARN_QUOTED_INCLUDE_IN_FRAMEWORK_HEADER = YES;
				CLANG_WARN_RANGE_LOOP_ANALYSIS = YES;
				CLANG_WARN_STRICT_PROTOTYPES = YES;
				CLANG_WARN_SUSPICIOUS_MOVE = YES;
				CLANG_WARN_UNGUARDED_AVAILABILITY = YES_AGGRESSIVE;
				CLANG_WARN_UNREACHABLE_CODE = YES;
				CLANG_WARN__DUPLICATE_METHOD_MATCH = YES;
				COPY_PHASE_STRIP = NO;
				DEBUG_INFORMATION_FORMAT = dwarf;
				ENABLE_STRICT_OBJC_MSGSEND = YES;
				ENABLE_TESTABILITY = YES;
				ENABLE_USER_SCRIPT_SANDBOXING = YES;
				GCC_C_LANGUAGE_STANDARD = gnu17;
				GCC_DYNAMIC_NO_PIC = NO;
				GCC_NO_COMMON_BLOCKS = YES;
				GCC_OPTIMIZATION_LEVEL = 0;
				GCC_PREPROCESSOR_DEFINITIONS = (
					"DEBUG=1",
					"$(inherited)",
				);
				GCC_WARN_64_TO_32_BIT_CONVERSION = YES;
				GCC_WARN_ABOUT_RETURN_TYPE = YES_ERROR;
				GCC_WARN_UNDECLARED_SELECTOR = YES;
				GCC_WARN_UNINITIALIZED_AUTOS = YES_AGGRESSIVE;
				GCC_WARN_UNUSED_FUNCTION = YES;
				GCC_WARN_UNUSED_VARIABLE = YES;
				LOCALIZATION_PREFERS_STRING_CATALOGS = YES;
				MACOSX_DEPLOYMENT_TARGET = 14.2;
				MTL_ENABLE_DEBUG_INFO = INCLUDE_SOURCE;
				MTL_FAST_MATH = YES;
				ONLY_ACTIVE_ARCH = YES;
				SDKROOT = macosx;
				SWIFT_ACTIVE_COMPILATION_CONDITIONS = "DEBUG $(inherited)";
				SWIFT_OPTIMIZATION_LEVEL = "-Onone";
			};
			name = Debug;
		};
		38BB21C82C698253004C45AD /* Release */ = {
			isa = XCBuildConfiguration;
			buildSettings = {
				ALWAYS_SEARCH_USER_PATHS = NO;
				ASSETCATALOG_COMPILER_GENERATE_SWIFT_ASSET_SYMBOL_EXTENSIONS = YES;
				CLANG_ANALYZER_NONNULL = YES;
				CLANG_ANALYZER_NUMBER_OBJECT_CONVERSION = YES_AGGRESSIVE;
				CLANG_CXX_LANGUAGE_STANDARD = "gnu++20";
				CLANG_ENABLE_MODULES = YES;
				CLANG_ENABLE_OBJC_ARC = YES;
				CLANG_ENABLE_OBJC_WEAK = YES;
				CLANG_WARN_BLOCK_CAPTURE_AUTORELEASING = YES;
				CLANG_WARN_BOOL_CONVERSION = YES;
				CLANG_WARN_COMMA = YES;
				CLANG_WARN_CONSTANT_CONVERSION = YES;
				CLANG_WARN_DEPRECATED_OBJC_IMPLEMENTATIONS = YES;
				CLANG_WARN_DIRECT_OBJC_ISA_USAGE = YES_ERROR;
				CLANG_WARN_DOCUMENTATION_COMMENTS = YES;
				CLANG_WARN_EMPTY_BODY = YES;
				CLANG_WARN_ENUM_CONVERSION = YES;
				CLANG_WARN_INFINITE_RECURSION = YES;
				CLANG_WARN_INT_CONVERSION = YES;
				CLANG_WARN_NON_LITERAL_NULL_CONVERSION = YES;
				CLANG_WARN_OBJC_IMPLICIT_RETAIN_SELF = YES;
				CLANG_WARN_OBJC_LITERAL_CONVERSION = YES;
				CLANG_WARN_OBJC_ROOT_CLASS = YES_ERROR;
				CLANG_WARN_QUOTED_INCLUDE_IN_FRAMEWORK_HEADER = YES;
				CLANG_WARN_RANGE_LOOP_ANALYSIS = YES;
				CLANG_WARN_STRICT_PROTOTYPES = YES;
				CLANG_WARN_SUSPICIOUS_MOVE = YES;
				CLANG_WARN_UNGUARDED_AVAILABILITY = YES_AGGRESSIVE;
				CLANG_WARN_UNREACHABLE_CODE = YES;
				CLANG_WARN__DUPLICATE_METHOD_MATCH = YES;
				COPY_PHASE_STRIP = NO;
				DEBUG_INFORMATION_FORMAT = "dwarf-with-dsym";
				ENABLE_NS_ASSERTIONS = NO;
				ENABLE_STRICT_OBJC_MSGSEND = YES;
				ENABLE_USER_SCRIPT_SANDBOXING = YES;
				GCC_C_LANGUAGE_STANDARD = gnu17;
				GCC_NO_COMMON_BLOCKS = YES;
				GCC_WARN_64_TO_32_BIT_CONVERSION = YES;
				GCC_WARN_ABOUT_RETURN_TYPE = YES_ERROR;
				GCC_WARN_UNDECLARED_SELECTOR = YES;
				GCC_WARN_UNINITIALIZED_AUTOS = YES_AGGRESSIVE;
				GCC_WARN_UNUSED_FUNCTION = YES;
				GCC_WARN_UNUSED_VARIABLE = YES;
				LOCALIZATION_PREFERS_STRING_CATALOGS = YES;
				MACOSX_DEPLOYMENT_TARGET = 14.2;
				MTL_ENABLE_DEBUG_INFO = NO;
				MTL_FAST_MATH = YES;
				SDKROOT = macosx;
				SWIFT_COMPILATION_MODE = wholemodule;
			};
			name = Release;
		};
		38BB21CA2C698253004C45AD /* Debug */ = {
			isa = XCBuildConfiguration;
			buildSettings = {
				ASSETCATALOG_COMPILER_APPICON_NAME = AppIcon;
				ASSETCATALOG_COMPILER_GLOBAL_ACCENT_COLOR_NAME = AccentColor;
				CODE_SIGN_ENTITLEMENTS = easyCurrency/easyCurrency.entitlements;
				CODE_SIGN_STYLE = Automatic;
				COMBINE_HIDPI_IMAGES = YES;
				CURRENT_PROJECT_VERSION = 1;
				DEVELOPMENT_ASSET_PATHS = "\"easyCurrency/Preview Content\"";
				DEVELOPMENT_TEAM = H574TJ3JKS;
				ENABLE_HARDENED_RUNTIME = YES;
				ENABLE_PREVIEWS = YES;
				GENERATE_INFOPLIST_FILE = YES;
				INFOPLIST_KEY_CFBundleDisplayName = EasyCurrency;
				INFOPLIST_KEY_LSApplicationCategoryType = "public.app-category.utilities";
				INFOPLIST_KEY_NSHumanReadableCopyright = "";
				LD_RUNPATH_SEARCH_PATHS = (
					"$(inherited)",
					"@executable_path/../Frameworks",
				);
				MACOSX_DEPLOYMENT_TARGET = 14.0;
				MARKETING_VERSION = 1.0;
				PRODUCT_BUNDLE_IDENTIFIER = com.adolphopiazza.easyCurrency;
				PRODUCT_NAME = "$(TARGET_NAME)";
				SWIFT_EMIT_LOC_STRINGS = YES;
				SWIFT_VERSION = 5.0;
			};
			name = Debug;
		};
		38BB21CB2C698253004C45AD /* Release */ = {
			isa = XCBuildConfiguration;
			buildSettings = {
				ASSETCATALOG_COMPILER_APPICON_NAME = AppIcon;
				ASSETCATALOG_COMPILER_GLOBAL_ACCENT_COLOR_NAME = AccentColor;
				CODE_SIGN_ENTITLEMENTS = easyCurrency/easyCurrency.entitlements;
				CODE_SIGN_STYLE = Automatic;
				COMBINE_HIDPI_IMAGES = YES;
				CURRENT_PROJECT_VERSION = 1;
				DEVELOPMENT_ASSET_PATHS = "\"easyCurrency/Preview Content\"";
				DEVELOPMENT_TEAM = H574TJ3JKS;
				ENABLE_HARDENED_RUNTIME = YES;
				ENABLE_PREVIEWS = YES;
				GENERATE_INFOPLIST_FILE = YES;
				INFOPLIST_KEY_CFBundleDisplayName = EasyCurrency;
				INFOPLIST_KEY_LSApplicationCategoryType = "public.app-category.utilities";
				INFOPLIST_KEY_NSHumanReadableCopyright = "";
				LD_RUNPATH_SEARCH_PATHS = (
					"$(inherited)",
					"@executable_path/../Frameworks",
				);
				MACOSX_DEPLOYMENT_TARGET = 14.0;
				MARKETING_VERSION = 1.0;
				PRODUCT_BUNDLE_IDENTIFIER = com.adolphopiazza.easyCurrency;
				PRODUCT_NAME = "$(TARGET_NAME)";
				SWIFT_EMIT_LOC_STRINGS = YES;
				SWIFT_VERSION = 5.0;
			};
			name = Release;
		};
/* End XCBuildConfiguration section */

/* Begin XCConfigurationList section */
		38BB21B52C698252004C45AD /* Build configuration list for PBXProject "easyCurrency" */ = {
			isa = XCConfigurationList;
			buildConfigurations = (
				38BB21C72C698253004C45AD /* Debug */,
				38BB21C82C698253004C45AD /* Release */,
			);
			defaultConfigurationIsVisible = 0;
			defaultConfigurationName = Release;
		};
		38BB21C92C698253004C45AD /* Build configuration list for PBXNativeTarget "easyCurrency" */ = {
			isa = XCConfigurationList;
			buildConfigurations = (
				38BB21CA2C698253004C45AD /* Debug */,
				38BB21CB2C698253004C45AD /* Release */,
			);
			defaultConfigurationIsVisible = 0;
			defaultConfigurationName = Release;
		};
/* End XCConfigurationList section */
	};
	rootObject = 38BB21B22C698252004C45AD /* Project object */;
}
